lockfileVersion: 5.4

specifiers:
  '@dfx/universal-filter': workspace:*
  '@formily/core': ^2.3.7
  '@formily/json-schema': ^2.3.7
  '@formily/react': ^2.3.7
  '@monorepo/ts-config': ^1.0.1
  '@types/react': 18.2.0
  es-toolkit: ^1.28.0
  react: 18.2.0

dependencies:
  '@dfx/universal-filter': link:../universal-filter
  '@formily/core': 2.3.7
  '@formily/json-schema': 2.3.7_typescript@5.9.3
  '@formily/react': 2.3.7_u6wjsku3c2wtkfqh2sekfdii3q
  es-toolkit: 1.42.0
  react: 18.2.0

devDependencies:
  '@monorepo/ts-config': 1.0.1
  '@types/react': 18.2.0

packages:

  /@formily/core/2.3.7:
    resolution: {integrity: sha512-oqLE6gOoM2xjwlUrfH4cyjscO4kZJNpidtVytZeBvYp9v4OgL9EUm89laPcF4cnpWE2lZIqqzfGluOySxku8WQ==}
    engines: {npm: '>=3.0.0'}
    dependencies:
      '@formily/reactive': 2.3.7
      '@formily/shared': 2.3.7
      '@formily/validator': 2.3.7
    dev: false

  /@formily/json-schema/2.3.7_typescript@5.9.3:
    resolution: {integrity: sha512-YmDmH98sJLOPO5GAq5NJw+NP3i2vCELBoz4Y4w+nhpKI5n8eQHe2GczQKntWDOnTfchXD2dXcgpb0ub6KNeATw==}
    engines: {npm: '>=3.0.0'}
    peerDependencies:
      typescript: '>4.1.5'
    dependencies:
      '@formily/core': 2.3.7
      '@formily/reactive': 2.3.7
      '@formily/shared': 2.3.7
      typescript: 5.9.3
    dev: false

  /@formily/path/2.3.7:
    resolution: {integrity: sha512-uDqXlW3TwJ8dImi5FrKze/yAbnxqpE/z1ZzJLNSlNr+T4bJRrC7Ya2veOOYeDaM9EK6eQNQCXST55REj5DKVmQ==}
    engines: {npm: '>=3.0.0'}
    dev: false

  /@formily/react/2.3.7_u6wjsku3c2wtkfqh2sekfdii3q:
    resolution: {integrity: sha512-yn3xhFgl5pdDECiyOtt/hlwhnxzpjjYkig1Oyyg4mgYDeP9UT9jd0V3/iLasOdoogUJj+j28XegFZRneITIuew==}
    engines: {npm: '>=3.0.0'}
    peerDependencies:
      '@types/react': '>=16.8.0'
      '@types/react-dom': '>=16.8.0'
      react: '>=16.8.0'
      react-dom: '>=16.8.0'
      react-is: '>=16.8.0'
    peerDependenciesMeta:
      '@types/react':
        optional: true
      '@types/react-dom':
        optional: true
    dependencies:
      '@formily/core': 2.3.7
      '@formily/json-schema': 2.3.7_typescript@5.9.3
      '@formily/reactive': 2.3.7
      '@formily/reactive-react': 2.3.7_dsz7qhvbbzgh2c4tv4sla7tc3a
      '@formily/shared': 2.3.7
      '@formily/validator': 2.3.7
      '@types/react': 18.2.0
      hoist-non-react-statics: 3.3.2
      react: 18.2.0
      react-dom: 19.2.0_react@18.2.0
      react-is: 19.2.0
    transitivePeerDependencies:
      - typescript
    dev: false

  /@formily/reactive-react/2.3.7_dsz7qhvbbzgh2c4tv4sla7tc3a:
    resolution: {integrity: sha512-foUP2El31RrCS+cj6QhZ9nhO5h8HhTFT4kof6Dt9qI72pzcdoxjGSiPSSstfn4eFmUbyiD8APz8d/ynB4INo5Q==}
    engines: {npm: '>=3.0.0'}
    peerDependencies:
      '@types/react': '>=16.8.0'
      '@types/react-dom': '>=16.8.0'
      react: '>=16.8.0'
      react-dom: '>=16.8.0'
      react-is: '>=16.8.0'
    peerDependenciesMeta:
      '@types/react':
        optional: true
      '@types/react-dom':
        optional: true
    dependencies:
      '@formily/reactive': 2.3.7
      '@types/react': 18.2.0
      hoist-non-react-statics: 3.3.2
      react: 18.2.0
      react-dom: 19.2.0_react@18.2.0
      react-is: 19.2.0
    dev: false

  /@formily/reactive/2.3.7:
    resolution: {integrity: sha512-+ovdvYfig7K97Ktel8qY1xAUM4O1uxSm79yuk7xmaAhOJWDAkvDPvzGtcB95cQ3vhPN9d/2sOvRzxMlVlr/gpg==}
    engines: {npm: '>=3.0.0'}
    dev: false

  /@formily/shared/2.3.7:
    resolution: {integrity: sha512-Xccuay6CP1CNvieyTjAniFG08biUVA+xBZZuZboCzdxoUO1gOCzUz9A2U7cvw0Xw+Hm4uI1sgISE95lCD5R3fQ==}
    engines: {npm: '>=3.0.0'}
    dependencies:
      '@formily/path': 2.3.7
      camel-case: 4.1.2
      lower-case: 2.0.2
      no-case: 3.0.4
      param-case: 3.0.4
      pascal-case: 3.1.2
      upper-case: 2.0.2
    dev: false

  /@formily/validator/2.3.7:
    resolution: {integrity: sha512-/bIZL0YoEhi/AxwbJz1FxkcAXI4tyzaMF8j7LTJigKgjrJLGCiLEU1GtSk+9OmUSRDHblr73jM/TWMlb/L3EuA==}
    engines: {npm: '>=3.0.0'}
    dependencies:
      '@formily/shared': 2.3.7
    dev: false

  /@monorepo/ts-config/1.0.1:
    resolution: {integrity: sha512-wasuwusiFO7id1EwRvtJl82jQ6Z10chcnp7RInGBHrvpPUqB1IzO7iRAT9N3j3iA7SotFoaDbAt6TiIT9FdYgw==}
    dev: true

  /@types/prop-types/15.7.15:
    resolution: {integrity: sha512-F6bEyamV9jKGAFBEmlQnesRPGOQqS2+Uwi0Em15xenOxHaf2hv6L8YCVn3rPdPJOiJfPiCnLIRyvwVaqMY3MIw==}

  /@types/react/18.2.0:
    resolution: {integrity: sha512-0FLj93y5USLHdnhIhABk83rm8XEGA7kH3cr+YUlvxoUGp1xNt/DINUMvqPxLyOQMzLmZe8i4RTHbvb8MC7NmrA==}
    dependencies:
      '@types/prop-types': 15.7.15
      '@types/scheduler': 0.26.0
      csstype: 3.2.3

  /@types/scheduler/0.26.0:
    resolution: {integrity: sha512-WFHp9YUJQ6CKshqoC37iOlHnQSmxNc795UhB26CyBBttrN9svdIrUjl/NjnNmfcwtncN0h/0PPAFWv9ovP8mLA==}

  /camel-case/4.1.2:
    resolution: {integrity: sha1-lygHKpVPgFIoIlpt7qazhGHhvVo=}
    dependencies:
      pascal-case: 3.1.2
      tslib: 2.8.1
    dev: false

  /csstype/3.2.3:
    resolution: {integrity: sha512-z1HGKcYy2xA8AGQfwrn0PAy+PB7X/GSj3UVJW9qKyn43xWa+gl5nXmU4qqLMRzWVLFC8KusUX8T/0kCiOYpAIQ==}

  /dot-case/3.0.4:
    resolution: {integrity: sha1-mytnDQCkMWZ6inW6Kc0bmICc51E=}
    dependencies:
      no-case: 3.0.4
      tslib: 2.8.1
    dev: false

  /es-toolkit/1.42.0:
    resolution: {integrity: sha512-SLHIyY7VfDJBM8clz4+T2oquwTQxEzu263AyhVK4jREOAwJ+8eebaa4wM3nlvnAqhDrMm2EsA6hWHaQsMPQ1nA==}
    dev: false

  /hoist-non-react-statics/3.3.2:
    resolution: {integrity: sha1-7OCsr3HWLClpwuxZ/v9CpLGoW0U=}
    dependencies:
      react-is: 16.13.1
    dev: false

  /js-tokens/4.0.0:
    resolution: {integrity: sha1-GSA/tZmR35jjoocFDUZHzerzJJk=}
    dev: false

  /loose-envify/1.4.0:
    resolution: {integrity: sha1-ce5R+nvkyuwaY4OffmgtgTLTDK8=}
    hasBin: true
    dependencies:
      js-tokens: 4.0.0
    dev: false

  /lower-case/2.0.2:
    resolution: {integrity: sha1-b6I3xj29xKgsoP2ILkci3F5jTig=}
    dependencies:
      tslib: 2.8.1
    dev: false

  /no-case/3.0.4:
    resolution: {integrity: sha1-02H9XJgA9VhVGoNp/A3NRmK2Ek0=}
    dependencies:
      lower-case: 2.0.2
      tslib: 2.8.1
    dev: false

  /param-case/3.0.4:
    resolution: {integrity: sha1-fRf+SqEr3jTUp32RrPtiGcqtAcU=}
    dependencies:
      dot-case: 3.0.4
      tslib: 2.8.1
    dev: false

  /pascal-case/3.1.2:
    resolution: {integrity: sha1-tI4O8rmOIF58Ha50fQsVCCN2YOs=}
    dependencies:
      no-case: 3.0.4
      tslib: 2.8.1
    dev: false

  /react-dom/19.2.0_react@18.2.0:
    resolution: {integrity: sha512-UlbRu4cAiGaIewkPyiRGJk0imDN2T3JjieT6spoL2UeSf5od4n5LB/mQ4ejmxhCFT1tYe8IvaFulzynWovsEFQ==}
    peerDependencies:
      react: ^19.2.0
    dependencies:
      react: 18.2.0
      scheduler: 0.27.0
    dev: false

  /react-is/16.13.1:
    resolution: {integrity: sha1-eJcppNw23imZ3BVt1sHZwYzqVqQ=}
    dev: false

  /react-is/19.2.0:
    resolution: {integrity: sha512-x3Ax3kNSMIIkyVYhWPyO09bu0uttcAIoecO/um/rKGQ4EltYWVYtyiGkS/3xMynrbVQdS69Jhlv8FXUEZehlzA==}
    dev: false

  /react/18.2.0:
    resolution: {integrity: sha512-/3IjMdb2L9QbBdWiW5e3P2/npwMBaU9mHCSCUzNln0ZCYbcfTsGbTJrU/kGemdH2IWmB2ioZ+zkxtmq6g09fGQ==}
    engines: {node: '>=0.10.0'}
    dependencies:
      loose-envify: 1.4.0
    dev: false

  /scheduler/0.27.0:
    resolution: {integrity: sha512-eNv+WrVbKu1f3vbYJT/xtiF5syA5HPIMtf9IgY/nKg0sWqzAUEvqY/xm7OcZc/qafLx/iO9FgOmeSAp4v5ti/Q==}
    dev: false

  /tslib/2.8.1:
    resolution: {integrity: sha512-oJFu94HQb+KVduSUQL7wnpmqnfmLsOA/nAh6b6EH0wCEoK0/mPeXU6c3wKDV83MkOuHPRHtSXKKU99IBazS/2w==}
    dev: false

  /typescript/5.9.3:
    resolution: {integrity: sha512-jl1vZzPDinLr9eUt3J/t7V6FgNEw9QjvBPdysz9KfQDD41fQrC2Y4vKQdiaUpFT4bXlb1RHhLpp8wtm6M5TgSw==}
    engines: {node: '>=14.17'}
    hasBin: true
    dev: false

  /upper-case/2.0.2:
    resolution: {integrity: sha1-2JgQgj+qsd8VSbfZenb4Ziuub3o=}
    dependencies:
      tslib: 2.8.1
    dev: false
